// !$*UTF8*$!
{
	archiveVersion = 1;
	classes = {
	};
	objectVersion = 46;
	objects = {

/* Begin PBXBuildFile section */
		909DD5571707516C00706D79 /* UIKit.framework in Frameworks */ = {isa = PBXBuildFile; fileRef = 909DD5561707516C00706D79 /* UIKit.framework */; };
		909DD5591707516C00706D79 /* Foundation.framework in Frameworks */ = {isa = PBXBuildFile; fileRef = 909DD5581707516C00706D79 /* Foundation.framework */; };
		909DD55B1707516C00706D79 /* CoreGraphics.framework in Frameworks */ = {isa = PBXBuildFile; fileRef = 909DD55A1707516C00706D79 /* CoreGraphics.framework */; };
		909DD5611707516C00706D79 /* InfoPlist.strings in Resources */ = {isa = PBXBuildFile; fileRef = 909DD55F1707516C00706D79 /* InfoPlist.strings */; };
		909DD5631707516C00706D79 /* main.m in Sources */ = {isa = PBXBuildFile; fileRef = 909DD5621707516C00706D79 /* main.m */; };
		909DD5671707516C00706D79 /* AppDelegate.m in Sources */ = {isa = PBXBuildFile; fileRef = 909DD5661707516C00706D79 /* AppDelegate.m */; };
		909DD5691707516C00706D79 /* Default.png in Resources */ = {isa = PBXBuildFile; fileRef = 909DD5681707516C00706D79 /* Default.png */; };
		909DD56B1707516C00706D79 /* Default@2x.png in Resources */ = {isa = PBXBuildFile; fileRef = 909DD56A1707516C00706D79 /* Default@2x.png */; };
		909DD56D1707516C00706D79 /* Default-568h@2x.png in Resources */ = {isa = PBXBuildFile; fileRef = 909DD56C1707516C00706D79 /* Default-568h@2x.png */; };
		909DD5701707516C00706D79 /* ViewController.m in Sources */ = {isa = PBXBuildFile; fileRef = 909DD56F1707516C00706D79 /* ViewController.m */; };
		909DD5731707516C00706D79 /* ViewController.xib in Resources */ = {isa = PBXBuildFile; fileRef = 909DD5711707516C00706D79 /* ViewController.xib */; };
		909DD57B1707519400706D79 /* CharacterView.m in Sources */ = {isa = PBXBuildFile; fileRef = 909DD57A1707519400706D79 /* CharacterView.m */; };
		909DD595170752B000706D79 /* groundSlash10001.png in Resources */ = {isa = PBXBuildFile; fileRef = 909DD57E170752B000706D79 /* groundSlash10001.png */; };
		909DD596170752B000706D79 /* groundSlash10002.png in Resources */ = {isa = PBXBuildFile; fileRef = 909DD57F170752B000706D79 /* groundSlash10002.png */; };
		909DD597170752B000706D79 /* groundSlash10003.png in Resources */ = {isa = PBXBuildFile; fileRef = 909DD580170752B000706D79 /* groundSlash10003.png */; };
		909DD598170752B000706D79 /* groundSlash10004.png in Resources */ = {isa = PBXBuildFile; fileRef = 909DD581170752B000706D79 /* groundSlash10004.png */; };
		909DD599170752B000706D79 /* groundSlash10005.png in Resources */ = {isa = PBXBuildFile; fileRef = 909DD582170752B000706D79 /* groundSlash10005.png */; };
		909DD59A170752B000706D79 /* groundSlash10006.png in Resources */ = {isa = PBXBuildFile; fileRef = 909DD583170752B000706D79 /* groundSlash10006.png */; };
		909DD59B170752B000706D79 /* groundSlash10007.png in Resources */ = {isa = PBXBuildFile; fileRef = 909DD584170752B000706D79 /* groundSlash10007.png */; };
		909DD59C170752B000706D79 /* groundSlash20001.png in Resources */ = {isa = PBXBuildFile; fileRef = 909DD586170752B000706D79 /* groundSlash20001.png */; };
		909DD59D170752B000706D79 /* groundSlash20002.png in Resources */ = {isa = PBXBuildFile; fileRef = 909DD587170752B000706D79 /* groundSlash20002.png */; };
		909DD59E170752B000706D79 /* groundSlash20003.png in Resources */ = {isa = PBXBuildFile; fileRef = 909DD588170752B000706D79 /* groundSlash20003.png */; };
		909DD59F170752B000706D79 /* groundSlash20004.png in Resources */ = {isa = PBXBuildFile; fileRef = 909DD589170752B000706D79 /* groundSlash20004.png */; };
		909DD5A0170752B000706D79 /* groundSlash20005.png in Resources */ = {isa = PBXBuildFile; fileRef = 909DD58A170752B000706D79 /* groundSlash20005.png */; };
		909DD5A1170752B000706D79 /* groundSlash20006.png in Resources */ = {isa = PBXBuildFile; fileRef = 909DD58B170752B000706D79 /* groundSlash20006.png */; };
		909DD5A2170752B000706D79 /* groundSlash20007.png in Resources */ = {isa = PBXBuildFile; fileRef = 909DD58C170752B000706D79 /* groundSlash20007.png */; };
		909DD5A3170752B000706D79 /* groundSlash30001.png in Resources */ = {isa = PBXBuildFile; fileRef = 909DD58E170752B000706D79 /* groundSlash30001.png */; };
		909DD5A4170752B000706D79 /* groundSlash30002.png in Resources */ = {isa = PBXBuildFile; fileRef = 909DD58F170752B000706D79 /* groundSlash30002.png */; };
		909DD5A5170752B000706D79 /* groundSlash30003.png in Resources */ = {isa = PBXBuildFile; fileRef = 909DD590170752B000706D79 /* groundSlash30003.png */; };
		909DD5A6170752B000706D79 /* groundSlash30004.png in Resources */ = {isa = PBXBuildFile; fileRef = 909DD591170752B000706D79 /* groundSlash30004.png */; };
		909DD5A7170752B000706D79 /* groundSlash30005.png in Resources */ = {isa = PBXBuildFile; fileRef = 909DD592170752B000706D79 /* groundSlash30005.png */; };
		909DD5A8170752B000706D79 /* groundSlash30006.png in Resources */ = {isa = PBXBuildFile; fileRef = 909DD593170752B000706D79 /* groundSlash30006.png */; };
		909DD5A9170752B000706D79 /* normal.png in Resources */ = {isa = PBXBuildFile; fileRef = 909DD594170752B000706D79 /* normal.png */; };
		909DD5B01707606F00706D79 /* jump11.png in Resources */ = {isa = PBXBuildFile; fileRef = 909DD5AE1707606F00706D79 /* jump11.png */; };
		909DD5B11707606F00706D79 /* jump12.png in Resources */ = {isa = PBXBuildFile; fileRef = 909DD5AF1707606F00706D79 /* jump12.png */; };
		909DD5B81707689000706D79 /* jumpSlash10001.png in Resources */ = {isa = PBXBuildFile; fileRef = 909DD5B31707689000706D79 /* jumpSlash10001.png */; };
		909DD5B91707689000706D79 /* jumpSlash10002.png in Resources */ = {isa = PBXBuildFile; fileRef = 909DD5B41707689000706D79 /* jumpSlash10002.png */; };
		909DD5BA1707689000706D79 /* jumpSlash10003.png in Resources */ = {isa = PBXBuildFile; fileRef = 909DD5B51707689000706D79 /* jumpSlash10003.png */; };
		909DD5BB1707689000706D79 /* jumpSlash10004.png in Resources */ = {isa = PBXBuildFile; fileRef = 909DD5B61707689000706D79 /* jumpSlash10004.png */; };
		909DD5BC1707689000706D79 /* jumpSlash10005.png in Resources */ = {isa = PBXBuildFile; fileRef = 909DD5B71707689000706D79 /* jumpSlash10005.png */; };
		909DD5C41707758500706D79 /* jumpSlash20001.png in Resources */ = {isa = PBXBuildFile; fileRef = 909DD5BE1707758500706D79 /* jumpSlash20001.png */; };
		909DD5C51707758500706D79 /* jumpSlash20002.png in Resources */ = {isa = PBXBuildFile; fileRef = 909DD5BF1707758500706D79 /* jumpSlash20002.png */; };
		909DD5C61707758500706D79 /* jumpSlash20003.png in Resources */ = {isa = PBXBuildFile; fileRef = 909DD5C01707758500706D79 /* jumpSlash20003.png */; };
		909DD5C71707758500706D79 /* jumpSlash20004.png in Resources */ = {isa = PBXBuildFile; fileRef = 909DD5C11707758500706D79 /* jumpSlash20004.png */; };
		909DD5C81707758500706D79 /* jumpSlash20005.png in Resources */ = {isa = PBXBuildFile; fileRef = 909DD5C21707758500706D79 /* jumpSlash20005.png */; };
		909DD5C91707758500706D79 /* jumpSlash20006.png in Resources */ = {isa = PBXBuildFile; fileRef = 909DD5C31707758500706D79 /* jumpSlash20006.png */; };
/* End PBXBuildFile section */

/* Begin PBXFileReference section */
		909DD5531707516C00706D79 /* Bonus.app */ = {isa = PBXFileReference; explicitFileType = wrapper.application; includeInIndex = 0; path = Bonus.app; sourceTree = BUILT_PRODUCTS_DIR; };
		909DD5561707516C00706D79 /* UIKit.framework */ = {isa = PBXFileReference; lastKnownFileType = wrapper.framework; name = UIKit.framework; path = System/Library/Frameworks/UIKit.framework; sourceTree = SDKROOT; };
		909DD5581707516C00706D79 /* Foundation.framework */ = {isa = PBXFileReference; lastKnownFileType = wrapper.framework; name = Foundation.framework; path = System/Library/Frameworks/Foundation.framework; sourceTree = SDKROOT; };
		909DD55A1707516C00706D79 /* CoreGraphics.framework */ = {isa = PBXFileReference; lastKnownFileType = wrapper.framework; name = CoreGraphics.framework; path = System/Library/Frameworks/CoreGraphics.framework; sourceTree = SDKROOT; };
		909DD55E1707516C00706D79 /* Bonus-Info.plist */ = {isa = PBXFileReference; lastKnownFileType = text.plist.xml; path = "Bonus-Info.plist"; sourceTree = "<group>"; };
		909DD5601707516C00706D79 /* en */ = {isa = PBXFileReference; lastKnownFileType = text.plist.strings; name = en; path = en.lproj/InfoPlist.strings; sourceTree = "<group>"; };
		909DD5621707516C00706D79 /* main.m */ = {isa = PBXFileReference; lastKnownFileType = sourcecode.c.objc; path = main.m; sourceTree = "<group>"; };
		909DD5641707516C00706D79 /* Bonus-Prefix.pch */ = {isa = PBXFileReference; lastKnownFileType = sourcecode.c.h; path = "Bonus-Prefix.pch"; sourceTree = "<group>"; };
		909DD5651707516C00706D79 /* AppDelegate.h */ = {isa = PBXFileReference; lastKnownFileType = sourcecode.c.h; path = AppDelegate.h; sourceTree = "<group>"; };
		909DD5661707516C00706D79 /* AppDelegate.m */ = {isa = PBXFileReference; lastKnownFileType = sourcecode.c.objc; path = AppDelegate.m; sourceTree = "<group>"; };
		909DD5681707516C00706D79 /* Default.png */ = {isa = PBXFileReference; lastKnownFileType = image.png; path = Default.png; sourceTree = "<group>"; };
		909DD56A1707516C00706D79 /* Default@2x.png */ = {isa = PBXFileReference; lastKnownFileType = image.png; path = "Default@2x.png"; sourceTree = "<group>"; };
		909DD56C1707516C00706D79 /* Default-568h@2x.png */ = {isa = PBXFileReference; lastKnownFileType = image.png; path = "Default-568h@2x.png"; sourceTree = "<group>"; };
		909DD56E1707516C00706D79 /* ViewController.h */ = {isa = PBXFileReference; lastKnownFileType = sourcecode.c.h; path = ViewController.h; sourceTree = "<group>"; };
		909DD56F1707516C00706D79 /* ViewController.m */ = {isa = PBXFileReference; lastKnownFileType = sourcecode.c.objc; path = ViewController.m; sourceTree = "<group>"; };
		909DD5721707516C00706D79 /* en */ = {isa = PBXFileReference; lastKnownFileType = file.xib; name = en; path = en.lproj/ViewController.xib; sourceTree = "<group>"; };
		909DD5791707519400706D79 /* CharacterView.h */ = {isa = PBXFileReference; fileEncoding = 4; lastKnownFileType = sourcecode.c.h; path = CharacterView.h; sourceTree = "<group>"; };
		909DD57A1707519400706D79 /* CharacterView.m */ = {isa = PBXFileReference; fileEncoding = 4; lastKnownFileType = sourcecode.c.objc; path = CharacterView.m; sourceTree = "<group>"; };
		909DD57E170752B000706D79 /* groundSlash10001.png */ = {isa = PBXFileReference; lastKnownFileType = image.png; path = groundSlash10001.png; sourceTree = "<group>"; };
		909DD57F170752B000706D79 /* groundSlash10002.png */ = {isa = PBXFileReference; lastKnownFileType = image.png; path = groundSlash10002.png; sourceTree = "<group>"; };
		909DD580170752B000706D79 /* groundSlash10003.png */ = {isa = PBXFileReference; lastKnownFileType = image.png; path = groundSlash10003.png; sourceTree = "<group>"; };
		909DD581170752B000706D79 /* groundSlash10004.png */ = {isa = PBXFileReference; lastKnownFileType = image.png; path = groundSlash10004.png; sourceTree = "<group>"; };
		909DD582170752B000706D79 /* groundSlash10005.png */ = {isa = PBXFileReference; lastKnownFileType = image.png; path = groundSlash10005.png; sourceTree = "<group>"; };
		909DD583170752B000706D79 /* groundSlash10006.png */ = {isa = PBXFileReference; lastKnownFileType = image.png; path = groundSlash10006.png; sourceTree = "<group>"; };
		909DD584170752B000706D79 /* groundSlash10007.png */ = {isa = PBXFileReference; lastKnownFileType = image.png; path = groundSlash10007.png; sourceTree = "<group>"; };
		909DD586170752B000706D79 /* groundSlash20001.png */ = {isa = PBXFileReference; lastKnownFileType = image.png; path = groundSlash20001.png; sourceTree = "<group>"; };
		909DD587170752B000706D79 /* groundSlash20002.png */ = {isa = PBXFileReference; lastKnownFileType = image.png; path = groundSlash20002.png; sourceTree = "<group>"; };
		909DD588170752B000706D79 /* groundSlash20003.png */ = {isa = PBXFileReference; lastKnownFileType = image.png; path = groundSlash20003.png; sourceTree = "<group>"; };
		909DD589170752B000706D79 /* groundSlash20004.png */ = {isa = PBXFileReference; lastKnownFileType = image.png; path = groundSlash20004.png; sourceTree = "<group>"; };
		909DD58A170752B000706D79 /* groundSlash20005.png */ = {isa = PBXFileReference; lastKnownFileType = image.png; path = groundSlash20005.png; sourceTree = "<group>"; };
		909DD58B170752B000706D79 /* groundSlash20006.png */ = {isa = PBXFileReference; lastKnownFileType = image.png; path = groundSlash20006.png; sourceTree = "<group>"; };
		909DD58C170752B000706D79 /* groundSlash20007.png */ = {isa = PBXFileReference; lastKnownFileType = image.png; path = groundSlash20007.png; sourceTree = "<group>"; };
		909DD58E170752B000706D79 /* groundSlash30001.png */ = {isa = PBXFileReference; lastKnownFileType = image.png; path = groundSlash30001.png; sourceTree = "<group>"; };
		909DD58F170752B000706D79 /* groundSlash30002.png */ = {isa = PBXFileReference; lastKnownFileType = image.png; path = groundSlash30002.png; sourceTree = "<group>"; };
		909DD590170752B000706D79 /* groundSlash30003.png */ = {isa = PBXFileReference; lastKnownFileType = image.png; path = groundSlash30003.png; sourceTree = "<group>"; };
		909DD591170752B000706D79 /* groundSlash30004.png */ = {isa = PBXFileReference; lastKnownFileType = image.png; path = groundSlash30004.png; sourceTree = "<group>"; };
		909DD592170752B000706D79 /* groundSlash30005.png */ = {isa = PBXFileReference; lastKnownFileType = image.png; path = groundSlash30005.png; sourceTree = "<group>"; };
		909DD593170752B000706D79 /* groundSlash30006.png */ = {isa = PBXFileReference; lastKnownFileType = image.png; path = groundSlash30006.png; sourceTree = "<group>"; };
		909DD594170752B000706D79 /* normal.png */ = {isa = PBXFileReference; lastKnownFileType = image.png; path = normal.png; sourceTree = "<group>"; };
		909DD5AE1707606F00706D79 /* jump11.png */ = {isa = PBXFileReference; lastKnownFileType = image.png; path = jump11.png; sourceTree = "<group>"; };
		909DD5AF1707606F00706D79 /* jump12.png */ = {isa = PBXFileReference; lastKnownFileType = image.png; path = jump12.png; sourceTree = "<group>"; };
		909DD5B31707689000706D79 /* jumpSlash10001.png */ = {isa = PBXFileReference; lastKnownFileType = image.png; path = jumpSlash10001.png; sourceTree = "<group>"; };
		909DD5B41707689000706D79 /* jumpSlash10002.png */ = {isa = PBXFileReference; lastKnownFileType = image.png; path = jumpSlash10002.png; sourceTree = "<group>"; };
		909DD5B51707689000706D79 /* jumpSlash10003.png */ = {isa = PBXFileReference; lastKnownFileType = image.png; path = jumpSlash10003.png; sourceTree = "<group>"; };
		909DD5B61707689000706D79 /* jumpSlash10004.png */ = {isa = PBXFileReference; lastKnownFileType = image.png; path = jumpSlash10004.png; sourceTree = "<group>"; };
		909DD5B71707689000706D79 /* jumpSlash10005.png */ = {isa = PBXFileReference; lastKnownFileType = image.png; path = jumpSlash10005.png; sourceTree = "<group>"; };
		909DD5BE1707758500706D79 /* jumpSlash20001.png */ = {isa = PBXFileReference; lastKnownFileType = image.png; path = jumpSlash20001.png; sourceTree = "<group>"; };
		909DD5BF1707758500706D79 /* jumpSlash20002.png */ = {isa = PBXFileReference; lastKnownFileType = image.png; path = jumpSlash20002.png; sourceTree = "<group>"; };
		909DD5C01707758500706D79 /* jumpSlash20003.png */ = {isa = PBXFileReference; lastKnownFileType = image.png; path = jumpSlash20003.png; sourceTree = "<group>"; };
		909DD5C11707758500706D79 /* jumpSlash20004.png */ = {isa = PBXFileReference; lastKnownFileType = image.png; path = jumpSlash20004.png; sourceTree = "<group>"; };
		909DD5C21707758500706D79 /* jumpSlash20005.png */ = {isa = PBXFileReference; lastKnownFileType = image.png; path = jumpSlash20005.png; sourceTree = "<group>"; };
		909DD5C31707758500706D79 /* jumpSlash20006.png */ = {isa = PBXFileReference; lastKnownFileType = image.png; path = jumpSlash20006.png; sourceTree = "<group>"; };
/* End PBXFileReference section */

/* Begin PBXFrameworksBuildPhase section */
		909DD5501707516C00706D79 /* Frameworks */ = {
			isa = PBXFrameworksBuildPhase;
			buildActionMask = 2147483647;
			files = (
				909DD5571707516C00706D79 /* UIKit.framework in Frameworks */,
				909DD5591707516C00706D79 /* Foundation.framework in Frameworks */,
				909DD55B1707516C00706D79 /* CoreGraphics.framework in Frameworks */,
			);
			runOnlyForDeploymentPostprocessing = 0;
		};
/* End PBXFrameworksBuildPhase section */

/* Begin PBXGroup section */
		909DD54A1707516C00706D79 = {
			isa = PBXGroup;
			children = (
				909DD55C1707516C00706D79 /* Bonus */,
				909DD5551707516C00706D79 /* Frameworks */,
				909DD5541707516C00706D79 /* Products */,
			);
			sourceTree = "<group>";
		};
		909DD5541707516C00706D79 /* Products */ = {
			isa = PBXGroup;
			children = (
				909DD5531707516C00706D79 /* Bonus.app */,
			);
			name = Products;
			sourceTree = "<group>";
		};
		909DD5551707516C00706D79 /* Frameworks */ = {
			isa = PBXGroup;
			children = (
				909DD5561707516C00706D79 /* UIKit.framework */,
				909DD5581707516C00706D79 /* Foundation.framework */,
				909DD55A1707516C00706D79 /* CoreGraphics.framework */,
			);
			name = Frameworks;
			sourceTree = "<group>";
		};
		909DD55C1707516C00706D79 /* Bonus */ = {
			isa = PBXGroup;
			children = (
				909DD5651707516C00706D79 /* AppDelegate.h */,
				909DD5661707516C00706D79 /* AppDelegate.m */,
				909DD56E1707516C00706D79 /* ViewController.h */,
				909DD56F1707516C00706D79 /* ViewController.m */,
				909DD5711707516C00706D79 /* ViewController.xib */,
				909DD5791707519400706D79 /* CharacterView.h */,
				909DD57A1707519400706D79 /* CharacterView.m */,
				909DD55D1707516C00706D79 /* Supporting Files */,
			);
			path = Bonus;
			sourceTree = "<group>";
		};
		909DD55D1707516C00706D79 /* Supporting Files */ = {
			isa = PBXGroup;
			children = (
				909DD57C170752B000706D79 /* character */,
				909DD55E1707516C00706D79 /* Bonus-Info.plist */,
				909DD55F1707516C00706D79 /* InfoPlist.strings */,
				909DD5621707516C00706D79 /* main.m */,
				909DD5641707516C00706D79 /* Bonus-Prefix.pch */,
				909DD5681707516C00706D79 /* Default.png */,
				909DD56A1707516C00706D79 /* Default@2x.png */,
				909DD56C1707516C00706D79 /* Default-568h@2x.png */,
			);
			name = "Supporting Files";
			sourceTree = "<group>";
		};
		909DD57C170752B000706D79 /* character */ = {
			isa = PBXGroup;
			children = (
				909DD5BD1707758500706D79 /* jumpSlash2 */,
				909DD5B21707689000706D79 /* jumpSlash1 */,
				909DD5AE1707606F00706D79 /* jump11.png */,
				909DD5AF1707606F00706D79 /* jump12.png */,
				909DD57D170752B000706D79 /* groundSlash1 */,
				909DD585170752B000706D79 /* groundSlash2 */,
				909DD58D170752B000706D79 /* groundSlash3 */,
				909DD594170752B000706D79 /* normal.png */,
			);
			path = character;
			sourceTree = SOURCE_ROOT;
		};
		909DD57D170752B000706D79 /* groundSlash1 */ = {
			isa = PBXGroup;
			children = (
				909DD57E170752B000706D79 /* groundSlash10001.png */,
				909DD57F170752B000706D79 /* groundSlash10002.png */,
				909DD580170752B000706D79 /* groundSlash10003.png */,
				909DD581170752B000706D79 /* groundSlash10004.png */,
				909DD582170752B000706D79 /* groundSlash10005.png */,
				909DD583170752B000706D79 /* groundSlash10006.png */,
				909DD584170752B000706D79 /* groundSlash10007.png */,
			);
			path = groundSlash1;
			sourceTree = "<group>";
		};
		909DD585170752B000706D79 /* groundSlash2 */ = {
			isa = PBXGroup;
			children = (
				909DD586170752B000706D79 /* groundSlash20001.png */,
				909DD587170752B000706D79 /* groundSlash20002.png */,
				909DD588170752B000706D79 /* groundSlash20003.png */,
				909DD589170752B000706D79 /* groundSlash20004.png */,
				909DD58A170752B000706D79 /* groundSlash20005.png */,
				909DD58B170752B000706D79 /* groundSlash20006.png */,
				909DD58C170752B000706D79 /* groundSlash20007.png */,
			);
			path = groundSlash2;
			sourceTree = "<group>";
		};
		909DD58D170752B000706D79 /* groundSlash3 */ = {
			isa = PBXGroup;
			children = (
				909DD58E170752B000706D79 /* groundSlash30001.png */,
				909DD58F170752B000706D79 /* groundSlash30002.png */,
				909DD590170752B000706D79 /* groundSlash30003.png */,
				909DD591170752B000706D79 /* groundSlash30004.png */,
				909DD592170752B000706D79 /* groundSlash30005.png */,
				909DD593170752B000706D79 /* groundSlash30006.png */,
			);
			path = groundSlash3;
			sourceTree = "<group>";
		};
		909DD5B21707689000706D79 /* jumpSlash1 */ = {
			isa = PBXGroup;
			children = (
				909DD5B31707689000706D79 /* jumpSlash10001.png */,
				909DD5B41707689000706D79 /* jumpSlash10002.png */,
				909DD5B51707689000706D79 /* jumpSlash10003.png */,
				909DD5B61707689000706D79 /* jumpSlash10004.png */,
				909DD5B71707689000706D79 /* jumpSlash10005.png */,
			);
			path = jumpSlash1;
			sourceTree = "<group>";
		};
		909DD5BD1707758500706D79 /* jumpSlash2 */ = {
			isa = PBXGroup;
			children = (
				909DD5BE1707758500706D79 /* jumpSlash20001.png */,
				909DD5BF1707758500706D79 /* jumpSlash20002.png */,
				909DD5C01707758500706D79 /* jumpSlash20003.png */,
				909DD5C11707758500706D79 /* jumpSlash20004.png */,
				909DD5C21707758500706D79 /* jumpSlash20005.png */,
				909DD5C31707758500706D79 /* jumpSlash20006.png */,
			);
			path = jumpSlash2;
			sourceTree = "<group>";
		};
/* End PBXGroup section */

/* Begin PBXNativeTarget section */
		909DD5521707516C00706D79 /* Bonus */ = {
			isa = PBXNativeTarget;
			buildConfigurationList = 909DD5761707516C00706D79 /* Build configuration list for PBXNativeTarget "Bonus" */;
			buildPhases = (
				909DD54F1707516C00706D79 /* Sources */,
				909DD5501707516C00706D79 /* Frameworks */,
				909DD5511707516C00706D79 /* Resources */,
			);
			buildRules = (
			);
			dependencies = (
			);
			name = Bonus;
			productName = Bonus;
			productReference = 909DD5531707516C00706D79 /* Bonus.app */;
			productType = "com.apple.product-type.application";
		};
/* End PBXNativeTarget section */

/* Begin PBXProject section */
		909DD54B1707516C00706D79 /* Project object */ = {
			isa = PBXProject;
			attributes = {
				LastUpgradeCheck = 0460;
				ORGANIZATIONNAME = "tung nguyen";
			};
			buildConfigurationList = 909DD54E1707516C00706D79 /* Build configuration list for PBXProject "Bonus" */;
			compatibilityVersion = "Xcode 3.2";
			developmentRegion = English;
			hasScannedForEncodings = 0;
			knownRegions = (
				en,
			);
			mainGroup = 909DD54A1707516C00706D79;
			productRefGroup = 909DD5541707516C00706D79 /* Products */;
			projectDirPath = "";
			projectRoot = "";
			targets = (
				909DD5521707516C00706D79 /* Bonus */,
			);
		};
/* End PBXProject section */

/* Begin PBXResourcesBuildPhase section */
		909DD5511707516C00706D79 /* Resources */ = {
			isa = PBXResourcesBuildPhase;
			buildActionMask = 2147483647;
			files = (
				909DD5611707516C00706D79 /* InfoPlist.strings in Resources */,
				909DD5691707516C00706D79 /* Default.png in Resources */,
				909DD56B1707516C00706D79 /* Default@2x.png in Resources */,
				909DD56D1707516C00706D79 /* Default-568h@2x.png in Resources */,
				909DD5731707516C00706D79 /* ViewController.xib in Resources */,
				909DD595170752B000706D79 /* groundSlash10001.png in Resources */,
				909DD596170752B000706D79 /* groundSlash10002.png in Resources */,
				909DD597170752B000706D79 /* groundSlash10003.png in Resources */,
				909DD598170752B000706D79 /* groundSlash10004.png in Resources */,
				909DD599170752B000706D79 /* groundSlash10005.png in Resources */,
				909DD59A170752B000706D79 /* groundSlash10006.png in Resources */,
				909DD59B170752B000706D79 /* groundSlash10007.png in Resources */,
				909DD59C170752B000706D79 /* groundSlash20001.png in Resources */,
				909DD59D170752B000706D79 /* groundSlash20002.png in Resources */,
				909DD59E170752B000706D79 /* groundSlash20003.png in Resources */,
				909DD59F170752B000706D79 /* groundSlash20004.png in Resources */,
				909DD5A0170752B000706D79 /* groundSlash20005.png in Resources */,
				909DD5A1170752B000706D79 /* groundSlash20006.png in Resources */,
				909DD5A2170752B000706D79 /* groundSlash20007.png in Resources */,
				909DD5A3170752B000706D79 /* groundSlash30001.png in Resources */,
				909DD5A4170752B000706D79 /* groundSlash30002.png in Resources */,
				909DD5A5170752B000706D79 /* groundSlash30003.png in Resources */,
				909DD5A6170752B000706D79 /* groundSlash30004.png in Resources */,
				909DD5A7170752B000706D79 /* groundSlash30005.png in Resources */,
				909DD5A8170752B000706D79 /* groundSlash30006.png in Resources */,
				909DD5A9170752B000706D79 /* normal.png in Resources */,
				909DD5B01707606F00706D79 /* jump11.png in Resources */,
				909DD5B11707606F00706D79 /* jump12.png in Resources */,
				909DD5B81707689000706D79 /* jumpSlash10001.png in Resources */,
				909DD5B91707689000706D79 /* jumpSlash10002.png in Resources */,
				909DD5BA1707689000706D79 /* jumpSlash10003.png in Resources */,
				909DD5BB1707689000706D79 /* jumpSlash10004.png in Resources */,
				909DD5BC1707689000706D79 /* jumpSlash10005.png in Resources */,
				909DD5C41707758500706D79 /* jumpSlash20001.png in Resources */,
				909DD5C51707758500706D79 /* jumpSlash20002.png in Resources */,
				909DD5C61707758500706D79 /* jumpSlash20003.png in Resources */,
				909DD5C71707758500706D79 /* jumpSlash20004.png in Resources */,
				909DD5C81707758500706D79 /* jumpSlash20005.png in Resources */,
				909DD5C91707758500706D79 /* jumpSlash20006.png in Resources */,
			);
			runOnlyForDeploymentPostprocessing = 0;
		};
/* End PBXResourcesBuildPhase section */

/* Begin PBXSourcesBuildPhase section */
		909DD54F1707516C00706D79 /* Sources */ = {
			isa = PBXSourcesBuildPhase;
			buildActionMask = 2147483647;
			files = (
				909DD5631707516C00706D79 /* main.m in Sources */,
				909DD5671707516C00706D79 /* AppDelegate.m in Sources */,
				909DD5701707516C00706D79 /* ViewController.m in Sources */,
				909DD57B1707519400706D79 /* CharacterView.m in Sources */,
			);
			runOnlyForDeploymentPostprocessing = 0;
		};
/* End PBXSourcesBuildPhase section */

/* Begin PBXVariantGroup section */
		909DD55F1707516C00706D79 /* InfoPlist.strings */ = {
			isa = PBXVariantGroup;
			children = (
				909DD5601707516C00706D79 /* en */,
			);
			name = InfoPlist.strings;
			sourceTree = "<group>";
		};
		909DD5711707516C00706D79 /* ViewController.xib */ = {
			isa = PBXVariantGroup;
			children = (
				909DD5721707516C00706D79 /* en */,
			);
			name = ViewController.xib;
			sourceTree = "<group>";
		};
/* End PBXVariantGroup section */

/* Begin XCBuildConfiguration section */
		909DD5741707516C00706D79 /* Debug */ = {
			isa = XCBuildConfiguration;
			buildSettings = {
				ALWAYS_SEARCH_USER_PATHS = NO;
				CLANG_CXX_LANGUAGE_STANDARD = "gnu++0x";
				CLANG_CXX_LIBRARY = "libc++";
				CLANG_ENABLE_OBJC_ARC = YES;
				CLANG_WARN_CONSTANT_CONVERSION = YES;
				CLANG_WARN_EMPTY_BODY = YES;
				CLANG_WARN_ENUM_CONVERSION = YES;
				CLANG_WARN_INT_CONVERSION = YES;
				CLANG_WARN__DUPLICATE_METHOD_MATCH = YES;
				"CODE_SIGN_IDENTITY[sdk=iphoneos*]" = "iPhone Developer";
				COPY_PHASE_STRIP = NO;
				GCC_C_LANGUAGE_STANDARD = gnu99;
				GCC_DYNAMIC_NO_PIC = NO;
				GCC_OPTIMIZATION_LEVEL = 0;
				GCC_PREPROCESSOR_DEFINITIONS = (
					"DEBUG=1",
					"$(inherited)",
				);
				GCC_SYMBOLS_PRIVATE_EXTERN = NO;
				GCC_WARN_ABOUT_RETURN_TYPE = YES;
				GCC_WARN_UNINITIALIZED_AUTOS = YES;
				GCC_WARN_UNUSED_VARIABLE = YES;
				IPHONEOS_DEPLOYMENT_TARGET = 6.1;
				ONLY_ACTIVE_ARCH = YES;
				SDKROOT = iphoneos;
			};
			name = Debug;
		};
		909DD5751707516C00706D79 /* Release */ = {
			isa = XCBuildConfiguration;
			buildSettings = {
				ALWAYS_SEARCH_USER_PATHS = NO;
				CLANG_CXX_LANGUAGE_STANDARD = "gnu++0x";
				CLANG_CXX_LIBRARY = "libc++";
				CLANG_ENABLE_OBJC_ARC = YES;
				CLANG_WARN_CONSTANT_CONVERSION = YES;
				CLANG_WARN_EMPTY_BODY = YES;
				CLANG_WARN_ENUM_CONVERSION = YES;
				CLANG_WARN_INT_CONVERSION = YES;
				CLANG_WARN__DUPLICATE_METHOD_MATCH = YES;
				"CODE_SIGN_IDENTITY[sdk=iphoneos*]" = "iPhone Developer";
				COPY_PHASE_STRIP = YES;
				GCC_C_LANGUAGE_STANDARD = gnu99;
				GCC_WARN_ABOUT_RETURN_TYPE = YES;
				GCC_WARN_UNINITIALIZED_AUTOS = YES;
				GCC_WARN_UNUSED_VARIABLE = YES;
				IPHONEOS_DEPLOYMENT_TARGET = 6.1;
				OTHER_CFLAGS = "-DNS_BLOCK_ASSERTIONS=1";
				SDKROOT = iphoneos;
				VALIDATE_PRODUCT = YES;
			};
			name = Release;
		};
		909DD5771707516C00706D79 /* Debug */ = {
			isa = XCBuildConfiguration;
			buildSettings = {
				GCC_PRECOMPILE_PREFIX_HEADER = YES;
				GCC_PREFIX_HEADER = "Bonus/Bonus-Prefix.pch";
				INFOPLIST_FILE = "Bonus/Bonus-Info.plist";
				PRODUCT_NAME = "$(TARGET_NAME)";
				WRAPPER_EXTENSION = app;
			};
			name = Debug;
		};
		909DD5781707516C00706D79 /* Release */ = {
			isa = XCBuildConfiguration;
			buildSettings = {
				GCC_PRECOMPILE_PREFIX_HEADER = YES;
				GCC_PREFIX_HEADER = "Bonus/Bonus-Prefix.pch";
				INFOPLIST_FILE = "Bonus/Bonus-Info.plist";
				PRODUCT_NAME = "$(TARGET_NAME)";
				WRAPPER_EXTENSION = app;
			};
			name = Release;
		};
/* End XCBuildConfiguration section */

/* Begin XCConfigurationList section */
		909DD54E1707516C00706D79 /* Build configuration list for PBXProject "Bonus" */ = {
			isa = XCConfigurationList;
			buildConfigurations = (
				909DD5741707516C00706D79 /* Debug */,
				909DD5751707516C00706D79 /* Release */,
			);
			defaultConfigurationIsVisible = 0;
			defaultConfigurationName = Release;
		};
		909DD5761707516C00706D79 /* Build configuration list for PBXNativeTarget "Bonus" */ = {
			isa = XCConfigurationList;
			buildConfigurations = (
				909DD5771707516C00706D79 /* Debug */,
				909DD5781707516C00706D79 /* Release */,
			);
			defaultConfigurationIsVisible = 0;
		};
/* End XCConfigurationList section */
	};
	rootObject = 909DD54B1707516C00706D79 /* Project object */;
}
